
Microsoft Visual Studio Solution File, Format Version 12.00
# Visual Studio Version 16
VisualStudioVersion = 16.0.31005.135
MinimumVisualStudioVersion = 10.0.40219.1
Project("{9A19103F-16F7-4668-BE54-9A1E7A4F7556}") = "LineOfBestFitPerceptronCore", "LineOfBestFitPerceptronCore\LineOfBestFitPerceptronCore.csproj", "{3509860F-1005-4BED-B5C2-8F7752F788D7}"
EndProject
Project("{9A19103F-16F7-4668-BE54-9A1E7A4F7556}") = "PerceptronHillClimberLibrary", "..\..\..\Documents\Visual Studio 2019\Projects\PerceptronHillClimberLibrary\PerceptronHillClimberLibrary\PerceptronHillClimberLibrary.csproj", "{73FA2036-1EF4-44BC-9083-2858DEF42FAC}"
EndProject
Global
	GlobalSection(SolutionConfigurationPlatforms) = preSolution
		Debug|Any CPU = Debug|Any CPU
		Release|Any CPU = Release|Any CPU
	EndGlobalSection
	GlobalSection(ProjectConfigurationPlatforms) = postSolution
		{3509860F-1005-4BED-B5C2-8F7752F788D7}.Debug|Any CPU.ActiveCfg = Debug|Any CPU
		{3509860F-1005-4BED-B5C2-8F7752F788D7}.Debug|Any CPU.Build.0 = Debug|Any CPU
		{3509860F-1005-4BED-B5C2-8F7752F788D7}.Release|Any CPU.ActiveCfg = Release|Any CPU
		{3509860F-1005-4BED-B5C2-8F7752F788D7}.Release|Any CPU.Build.0 = Release|Any CPU
		{73FA2036-1EF4-44BC-9083-2858DEF42FAC}.Debug|Any CPU.ActiveCfg = Debug|Any CPU
		{73FA2036-1EF4-44BC-9083-2858DEF42FAC}.Debug|Any CPU.Build.0 = Debug|Any CPU
		{73FA2036-1EF4-44BC-9083-2858DEF42FAC}.Release|Any CPU.ActiveCfg = Release|Any CPU
		{73FA2036-1EF4-44BC-9083-2858DEF42FAC}.Release|Any CPU.Build.0 = Release|Any CPU
	EndGlobalSection
	GlobalSection(SolutionProperties) = preSolution
		HideSolutionNode = FALSE
	EndGlobalSection
	GlobalSection(ExtensibilityGlobals) = postSolution
		SolutionGuid = {A844F474-B1BE-4CD1-99F9-5533D676EC3C}
	EndGlobalSection
EndGlobal
